
Microsoft Visual Studio Solution File, Format Version 12.00
# Visual Studio Version 16
VisualStudioVersion = 16.0.32602.291
MinimumVisualStudioVersion = 10.0.40219.1
Project("{FAE04EC0-301F-11D3-BF4B-00C04F79EFBC}") = "WebAppStore", "WebAppStore\WebAppStore.csproj", "{10BD01E4-4D36-43E2-96B7-99F4314B6CD6}"
EndProject
Project("{FAE04EC0-301F-11D3-BF4B-00C04F79EFBC}") = "Models", "Models\Models.csproj", "{162E7209-A629-4863-8DF1-2C150E0909F3}"
EndProject
Global
	GlobalSection(SolutionConfigurationPlatforms) = preSolution
		Debug|Any CPU = Debug|Any CPU
		Release|Any CPU = Release|Any CPU
	EndGlobalSection
	GlobalSection(ProjectConfigurationPlatforms) = postSolution
		{10BD01E4-4D36-43E2-96B7-99F4314B6CD6}.Debug|Any CPU.ActiveCfg = Debug|Any CPU
		{10BD01E4-4D36-43E2-96B7-99F4314B6CD6}.Debug|Any CPU.Build.0 = Debug|Any CPU
		{10BD01E4-4D36-43E2-96B7-99F4314B6CD6}.Release|Any CPU.ActiveCfg = Release|Any CPU
		{10BD01E4-4D36-43E2-96B7-99F4314B6CD6}.Release|Any CPU.Build.0 = Release|Any CPU
		{162E7209-A629-4863-8DF1-2C150E0909F3}.Debug|Any CPU.ActiveCfg = Debug|Any CPU
		{162E7209-A629-4863-8DF1-2C150E0909F3}.Debug|Any CPU.Build.0 = Debug|Any CPU
		{162E7209-A629-4863-8DF1-2C150E0909F3}.Release|Any CPU.ActiveCfg = Release|Any CPU
		{162E7209-A629-4863-8DF1-2C150E0909F3}.Release|Any CPU.Build.0 = Release|Any CPU
	EndGlobalSection
	GlobalSection(SolutionProperties) = preSolution
		HideSolutionNode = FALSE
	EndGlobalSection
	GlobalSection(ExtensibilityGlobals) = postSolution
		SolutionGuid = {C5B05077-E827-472F-B32E-61728A411DC4}
	EndGlobalSection
EndGlobal
